
Microsoft Visual Studio Solution File, Format Version 12.00
# Visual Studio Version 17
VisualStudioVersion = 17.4.33213.308
MinimumVisualStudioVersion = 10.0.40219.1
Project("{9A19103F-16F7-4668-BE54-9A1E7A4F7556}") = "cmlPrintStandard", "cmlPrintStandard\cmlPrintStandard.csproj", "{AC96EC3B-8AB3-47E0-8953-351AEBD2A34E}"
EndProject
Project("{FAE04EC0-301F-11D3-BF4B-00C04F79EFBC}") = "PrintTest", "PrintTest\PrintTest.csproj", "{E4ECC999-C916-4186-A3DF-C004A2F3157B}"
EndProject
Global
	GlobalSection(SolutionConfigurationPlatforms) = preSolution
		Debug|Any CPU = Debug|Any CPU
		Release|Any CPU = Release|Any CPU
	EndGlobalSection
	GlobalSection(ProjectConfigurationPlatforms) = postSolution
		{AC96EC3B-8AB3-47E0-8953-351AEBD2A34E}.Debug|Any CPU.ActiveCfg = Debug|Any CPU
		{AC96EC3B-8AB3-47E0-8953-351AEBD2A34E}.Debug|Any CPU.Build.0 = Debug|Any CPU
		{AC96EC3B-8AB3-47E0-8953-351AEBD2A34E}.Release|Any CPU.ActiveCfg = Release|Any CPU
		{AC96EC3B-8AB3-47E0-8953-351AEBD2A34E}.Release|Any CPU.Build.0 = Release|Any CPU
		{E4ECC999-C916-4186-A3DF-C004A2F3157B}.Debug|Any CPU.ActiveCfg = Debug|Any CPU
		{E4ECC999-C916-4186-A3DF-C004A2F3157B}.Debug|Any CPU.Build.0 = Debug|Any CPU
		{E4ECC999-C916-4186-A3DF-C004A2F3157B}.Release|Any CPU.ActiveCfg = Release|Any CPU
		{E4ECC999-C916-4186-A3DF-C004A2F3157B}.Release|Any CPU.Build.0 = Release|Any CPU
	EndGlobalSection
	GlobalSection(SolutionProperties) = preSolution
		HideSolutionNode = FALSE
	EndGlobalSection
	GlobalSection(ExtensibilityGlobals) = postSolution
		SolutionGuid = {10D3D192-3559-48B4-BA35-A87D1CF7808C}
	EndGlobalSection
EndGlobal
